// !$*UTF8*$!
{
	archiveVersion = 1;
	classes = {
	};
	objectVersion = 46;
	objects = {

/* Begin PBXBuildFile section */
		D02A0361145508BF00CAD6D9 /* InfoPlist.strings in Resources */ = {isa = PBXBuildFile; fileRef = D02A035F145508BF00CAD6D9 /* InfoPlist.strings */; };
		D02A0371145508BF00CAD6D9 /* MoonlitCocoa.framework in Frameworks */ = {isa = PBXBuildFile; fileRef = D02A0353145508BF00CAD6D9 /* MoonlitCocoa.framework */; };
		D02A0377145508BF00CAD6D9 /* InfoPlist.strings in Resources */ = {isa = PBXBuildFile; fileRef = D02A0375145508BF00CAD6D9 /* InfoPlist.strings */; };
		D02A039B145508C900CAD6D9 /* libMoonlitCocoaTouch.a in Frameworks */ = {isa = PBXBuildFile; fileRef = D02A0386145508C900CAD6D9 /* libMoonlitCocoaTouch.a */; };
		D02A03A1145508C900CAD6D9 /* InfoPlist.strings in Resources */ = {isa = PBXBuildFile; fileRef = D02A039F145508C900CAD6D9 /* InfoPlist.strings */; };
/* End PBXBuildFile section */

/* Begin PBXContainerItemProxy section */
		D02A036F145508BF00CAD6D9 /* PBXContainerItemProxy */ = {
			isa = PBXContainerItemProxy;
			containerPortal = D01315711454CF7B00ACC02F /* Project object */;
			proxyType = 1;
			remoteGlobalIDString = D02A0352145508BF00CAD6D9;
			remoteInfo = MoonlitCocoa;
		};
		D02A0399145508C900CAD6D9 /* PBXContainerItemProxy */ = {
			isa = PBXContainerItemProxy;
			containerPortal = D01315711454CF7B00ACC02F /* Project object */;
			proxyType = 1;
			remoteGlobalIDString = D02A0385145508C900CAD6D9;
			remoteInfo = MoonlitCocoaTouch;
		};
/* End PBXContainerItemProxy section */

/* Begin PBXFileReference section */
		D02A0353145508BF00CAD6D9 /* MoonlitCocoa.framework */ = {isa = PBXFileReference; explicitFileType = wrapper.framework; includeInIndex = 0; path = MoonlitCocoa.framework; sourceTree = BUILT_PRODUCTS_DIR; };
		D02A035E145508BF00CAD6D9 /* MoonlitCocoa-Info.plist */ = {isa = PBXFileReference; lastKnownFileType = text.plist.xml; path = "MoonlitCocoa-Info.plist"; sourceTree = "<group>"; };
		D02A0360145508BF00CAD6D9 /* en */ = {isa = PBXFileReference; lastKnownFileType = text.plist.strings; name = en; path = en.lproj/InfoPlist.strings; sourceTree = "<group>"; };
		D02A0362145508BF00CAD6D9 /* MoonlitCocoa-Prefix.pch */ = {isa = PBXFileReference; lastKnownFileType = sourcecode.c.h; path = "MoonlitCocoa-Prefix.pch"; sourceTree = "<group>"; };
		D02A036B145508BF00CAD6D9 /* MoonlitCocoaTests.octest */ = {isa = PBXFileReference; explicitFileType = wrapper.cfbundle; includeInIndex = 0; path = MoonlitCocoaTests.octest; sourceTree = BUILT_PRODUCTS_DIR; };
		D02A0374145508BF00CAD6D9 /* MoonlitCocoaTests-Info.plist */ = {isa = PBXFileReference; lastKnownFileType = text.plist.xml; path = "MoonlitCocoaTests-Info.plist"; sourceTree = "<group>"; };
		D02A0376145508BF00CAD6D9 /* en */ = {isa = PBXFileReference; lastKnownFileType = text.plist.strings; name = en; path = en.lproj/InfoPlist.strings; sourceTree = "<group>"; };
		D02A0386145508C900CAD6D9 /* libMoonlitCocoaTouch.a */ = {isa = PBXFileReference; explicitFileType = archive.ar; includeInIndex = 0; path = libMoonlitCocoaTouch.a; sourceTree = BUILT_PRODUCTS_DIR; };
		D02A038B145508C900CAD6D9 /* MoonlitCocoaTouch-Prefix.pch */ = {isa = PBXFileReference; lastKnownFileType = sourcecode.c.h; path = "MoonlitCocoaTouch-Prefix.pch"; sourceTree = "<group>"; };
		D02A0394145508C900CAD6D9 /* MoonlitCocoaTouchTests.octest */ = {isa = PBXFileReference; explicitFileType = wrapper.cfbundle; includeInIndex = 0; path = MoonlitCocoaTouchTests.octest; sourceTree = BUILT_PRODUCTS_DIR; };
		D02A039E145508C900CAD6D9 /* MoonlitCocoaTouchTests-Info.plist */ = {isa = PBXFileReference; lastKnownFileType = text.plist.xml; path = "MoonlitCocoaTouchTests-Info.plist"; sourceTree = "<group>"; };
		D02A03A0145508C900CAD6D9 /* en */ = {isa = PBXFileReference; lastKnownFileType = text.plist.strings; name = en; path = en.lproj/InfoPlist.strings; sourceTree = "<group>"; };
		D02A03B1145509E500CAD6D9 /* Base.xcconfig */ = {isa = PBXFileReference; lastKnownFileType = text.xcconfig; path = Base.xcconfig; sourceTree = "<group>"; };
		D02A03B2145509E500CAD6D9 /* Debug.xcconfig */ = {isa = PBXFileReference; lastKnownFileType = text.xcconfig; path = Debug.xcconfig; sourceTree = "<group>"; };
		D02A03B3145509E500CAD6D9 /* Release.xcconfig */ = {isa = PBXFileReference; lastKnownFileType = text.xcconfig; path = Release.xcconfig; sourceTree = "<group>"; };
		D02A03B414550AC100CAD6D9 /* iOS.xcconfig */ = {isa = PBXFileReference; lastKnownFileType = text.xcconfig; path = iOS.xcconfig; sourceTree = "<group>"; };
		D02A03B514550AC100CAD6D9 /* Mac OS X.xcconfig */ = {isa = PBXFileReference; lastKnownFileType = text.xcconfig; path = "Mac OS X.xcconfig"; sourceTree = "<group>"; };
/* End PBXFileReference section */

/* Begin PBXFrameworksBuildPhase section */
		D02A034F145508BF00CAD6D9 /* Frameworks */ = {
			isa = PBXFrameworksBuildPhase;
			buildActionMask = 2147483647;
			files = (
			);
			runOnlyForDeploymentPostprocessing = 0;
		};
		D02A0367145508BF00CAD6D9 /* Frameworks */ = {
			isa = PBXFrameworksBuildPhase;
			buildActionMask = 2147483647;
			files = (
				D02A0371145508BF00CAD6D9 /* MoonlitCocoa.framework in Frameworks */,
			);
			runOnlyForDeploymentPostprocessing = 0;
		};
		D02A0383145508C900CAD6D9 /* Frameworks */ = {
			isa = PBXFrameworksBuildPhase;
			buildActionMask = 2147483647;
			files = (
			);
			runOnlyForDeploymentPostprocessing = 0;
		};
		D02A0390145508C900CAD6D9 /* Frameworks */ = {
			isa = PBXFrameworksBuildPhase;
			buildActionMask = 2147483647;
			files = (
				D02A039B145508C900CAD6D9 /* libMoonlitCocoaTouch.a in Frameworks */,
			);
			runOnlyForDeploymentPostprocessing = 0;
		};
/* End PBXFrameworksBuildPhase section */

/* Begin PBXGroup section */
		D013156F1454CF7B00ACC02F = {
			isa = PBXGroup;
			children = (
				D02A03AC1455092F00CAD6D9 /* Cross-Platform */,
				D02A03AF1455096D00CAD6D9 /* Mac OS X */,
				D02A03AB1455090500CAD6D9 /* iOS */,
				D02A0355145508BF00CAD6D9 /* Frameworks */,
				D02A03B0145509E500CAD6D9 /* Configuration */,
				D02A0354145508BF00CAD6D9 /* Products */,
			);
			sourceTree = "<group>";
		};
		D02A0354145508BF00CAD6D9 /* Products */ = {
			isa = PBXGroup;
			children = (
				D02A0353145508BF00CAD6D9 /* MoonlitCocoa.framework */,
				D02A036B145508BF00CAD6D9 /* MoonlitCocoaTests.octest */,
				D02A0386145508C900CAD6D9 /* libMoonlitCocoaTouch.a */,
				D02A0394145508C900CAD6D9 /* MoonlitCocoaTouchTests.octest */,
			);
			name = Products;
			sourceTree = "<group>";
		};
		D02A0355145508BF00CAD6D9 /* Frameworks */ = {
			isa = PBXGroup;
			children = (
			);
			name = Frameworks;
			sourceTree = "<group>";
		};
		D02A035C145508BF00CAD6D9 /* MoonlitCocoa */ = {
			isa = PBXGroup;
			children = (
				D02A035D145508BF00CAD6D9 /* Supporting Files */,
			);
			path = MoonlitCocoa;
			sourceTree = "<group>";
		};
		D02A035D145508BF00CAD6D9 /* Supporting Files */ = {
			isa = PBXGroup;
			children = (
				D02A035E145508BF00CAD6D9 /* MoonlitCocoa-Info.plist */,
				D02A035F145508BF00CAD6D9 /* InfoPlist.strings */,
				D02A0362145508BF00CAD6D9 /* MoonlitCocoa-Prefix.pch */,
			);
			name = "Supporting Files";
			sourceTree = "<group>";
		};
		D02A0372145508BF00CAD6D9 /* MoonlitCocoaTests */ = {
			isa = PBXGroup;
			children = (
				D02A0373145508BF00CAD6D9 /* Supporting Files */,
			);
			path = MoonlitCocoaTests;
			sourceTree = SOURCE_ROOT;
		};
		D02A0373145508BF00CAD6D9 /* Supporting Files */ = {
			isa = PBXGroup;
			children = (
				D02A0374145508BF00CAD6D9 /* MoonlitCocoaTests-Info.plist */,
				D02A0375145508BF00CAD6D9 /* InfoPlist.strings */,
			);
			name = "Supporting Files";
			sourceTree = "<group>";
		};
		D02A0389145508C900CAD6D9 /* MoonlitCocoaTouch */ = {
			isa = PBXGroup;
			children = (
				D02A038A145508C900CAD6D9 /* Supporting Files */,
			);
			path = MoonlitCocoaTouch;
			sourceTree = "<group>";
		};
		D02A038A145508C900CAD6D9 /* Supporting Files */ = {
			isa = PBXGroup;
			children = (
				D02A038B145508C900CAD6D9 /* MoonlitCocoaTouch-Prefix.pch */,
			);
			name = "Supporting Files";
			sourceTree = "<group>";
		};
		D02A039C145508C900CAD6D9 /* MoonlitCocoaTouchTests */ = {
			isa = PBXGroup;
			children = (
				D02A039D145508C900CAD6D9 /* Supporting Files */,
			);
			path = MoonlitCocoaTouchTests;
			sourceTree = "<group>";
		};
		D02A039D145508C900CAD6D9 /* Supporting Files */ = {
			isa = PBXGroup;
			children = (
				D02A039E145508C900CAD6D9 /* MoonlitCocoaTouchTests-Info.plist */,
				D02A039F145508C900CAD6D9 /* InfoPlist.strings */,
			);
			name = "Supporting Files";
			sourceTree = "<group>";
		};
		D02A03AB1455090500CAD6D9 /* iOS */ = {
			isa = PBXGroup;
			children = (
				D02A0389145508C900CAD6D9 /* MoonlitCocoaTouch */,
				D02A039C145508C900CAD6D9 /* MoonlitCocoaTouchTests */,
			);
			name = iOS;
			sourceTree = "<group>";
		};
		D02A03AC1455092F00CAD6D9 /* Cross-Platform */ = {
			isa = PBXGroup;
			children = (
				D02A03AD1455093900CAD6D9 /* Classes */,
				D02A03AE1455094100CAD6D9 /* Tests */,
			);
			name = "Cross-Platform";
			sourceTree = "<group>";
		};
		D02A03AD1455093900CAD6D9 /* Classes */ = {
			isa = PBXGroup;
			children = (
			);
			name = Classes;
			sourceTree = "<group>";
		};
		D02A03AE1455094100CAD6D9 /* Tests */ = {
			isa = PBXGroup;
			children = (
			);
			name = Tests;
			sourceTree = "<group>";
		};
		D02A03AF1455096D00CAD6D9 /* Mac OS X */ = {
			isa = PBXGroup;
			children = (
				D02A035C145508BF00CAD6D9 /* MoonlitCocoa */,
				D02A0372145508BF00CAD6D9 /* MoonlitCocoaTests */,
			);
			name = "Mac OS X";
			sourceTree = "<group>";
		};
		D02A03B0145509E500CAD6D9 /* Configuration */ = {
			isa = PBXGroup;
			children = (
				D02A03B1145509E500CAD6D9 /* Base.xcconfig */,
				D02A03B2145509E500CAD6D9 /* Debug.xcconfig */,
				D02A03B3145509E500CAD6D9 /* Release.xcconfig */,
				D02A03B414550AC100CAD6D9 /* iOS.xcconfig */,
				D02A03B514550AC100CAD6D9 /* Mac OS X.xcconfig */,
			);
			name = Configuration;
			path = ../Configuration;
			sourceTree = "<group>";
		};
/* End PBXGroup section */

/* Begin PBXHeadersBuildPhase section */
		D02A0350145508BF00CAD6D9 /* Headers */ = {
			isa = PBXHeadersBuildPhase;
			buildActionMask = 2147483647;
			files = (
			);
			runOnlyForDeploymentPostprocessing = 0;
		};
		D02A0384145508C900CAD6D9 /* Headers */ = {
			isa = PBXHeadersBuildPhase;
			buildActionMask = 2147483647;
			files = (
			);
			runOnlyForDeploymentPostprocessing = 0;
		};
/* End PBXHeadersBuildPhase section */

/* Begin PBXNativeTarget section */
		D02A0352145508BF00CAD6D9 /* MoonlitCocoa */ = {
			isa = PBXNativeTarget;
			buildConfigurationList = D02A037F145508BF00CAD6D9 /* Build configuration list for PBXNativeTarget "MoonlitCocoa" */;
			buildPhases = (
				D02A034E145508BF00CAD6D9 /* Sources */,
				D02A034F145508BF00CAD6D9 /* Frameworks */,
				D02A0350145508BF00CAD6D9 /* Headers */,
				D02A0351145508BF00CAD6D9 /* Resources */,
			);
			buildRules = (
			);
			dependencies = (
			);
			name = MoonlitCocoa;
			productName = MoonlitCocoa;
			productReference = D02A0353145508BF00CAD6D9 /* MoonlitCocoa.framework */;
			productType = "com.apple.product-type.framework";
		};
		D02A036A145508BF00CAD6D9 /* MoonlitCocoaTests */ = {
			isa = PBXNativeTarget;
			buildConfigurationList = D02A0380145508BF00CAD6D9 /* Build configuration list for PBXNativeTarget "MoonlitCocoaTests" */;
			buildPhases = (
				D02A0366145508BF00CAD6D9 /* Sources */,
				D02A0367145508BF00CAD6D9 /* Frameworks */,
				D02A0368145508BF00CAD6D9 /* Resources */,
				D02A0369145508BF00CAD6D9 /* ShellScript */,
			);
			buildRules = (
			);
			dependencies = (
				D02A0370145508BF00CAD6D9 /* PBXTargetDependency */,
			);
			name = MoonlitCocoaTests;
			productName = MoonlitCocoaTests;
			productReference = D02A036B145508BF00CAD6D9 /* MoonlitCocoaTests.octest */;
			productType = "com.apple.product-type.bundle";
		};
		D02A0385145508C900CAD6D9 /* MoonlitCocoaTouch */ = {
			isa = PBXNativeTarget;
			buildConfigurationList = D02A03A5145508C900CAD6D9 /* Build configuration list for PBXNativeTarget "MoonlitCocoaTouch" */;
			buildPhases = (
				D02A0382145508C900CAD6D9 /* Sources */,
				D02A0383145508C900CAD6D9 /* Frameworks */,
				D02A0384145508C900CAD6D9 /* Headers */,
			);
			buildRules = (
			);
			dependencies = (
			);
			name = MoonlitCocoaTouch;
			productName = MoonlitCocoaTouch;
			productReference = D02A0386145508C900CAD6D9 /* libMoonlitCocoaTouch.a */;
			productType = "com.apple.product-type.library.static";
		};
		D02A0393145508C900CAD6D9 /* MoonlitCocoaTouchTests */ = {
			isa = PBXNativeTarget;
			buildConfigurationList = D02A03A8145508C900CAD6D9 /* Build configuration list for PBXNativeTarget "MoonlitCocoaTouchTests" */;
			buildPhases = (
				D02A038F145508C900CAD6D9 /* Sources */,
				D02A0390145508C900CAD6D9 /* Frameworks */,
				D02A0391145508C900CAD6D9 /* Resources */,
				D02A0392145508C900CAD6D9 /* ShellScript */,
			);
			buildRules = (
			);
			dependencies = (
				D02A039A145508C900CAD6D9 /* PBXTargetDependency */,
			);
			name = MoonlitCocoaTouchTests;
			productName = MoonlitCocoaTouchTests;
			productReference = D02A0394145508C900CAD6D9 /* MoonlitCocoaTouchTests.octest */;
			productType = "com.apple.product-type.bundle";
		};
/* End PBXNativeTarget section */

/* Begin PBXProject section */
		D01315711454CF7B00ACC02F /* Project object */ = {
			isa = PBXProject;
			attributes = {
				LastUpgradeCheck = 0420;
			};
			buildConfigurationList = D01315741454CF7B00ACC02F /* Build configuration list for PBXProject "MoonlitCocoa" */;
			compatibilityVersion = "Xcode 3.2";
			developmentRegion = English;
			hasScannedForEncodings = 0;
			knownRegions = (
				en,
			);
			mainGroup = D013156F1454CF7B00ACC02F;
			productRefGroup = D02A0354145508BF00CAD6D9 /* Products */;
			projectDirPath = "";
			projectRoot = "";
			targets = (
				D02A0352145508BF00CAD6D9 /* MoonlitCocoa */,
				D02A036A145508BF00CAD6D9 /* MoonlitCocoaTests */,
				D02A0385145508C900CAD6D9 /* MoonlitCocoaTouch */,
				D02A0393145508C900CAD6D9 /* MoonlitCocoaTouchTests */,
			);
		};
/* End PBXProject section */

/* Begin PBXResourcesBuildPhase section */
		D02A0351145508BF00CAD6D9 /* Resources */ = {
			isa = PBXResourcesBuildPhase;
			buildActionMask = 2147483647;
			files = (
				D02A0361145508BF00CAD6D9 /* InfoPlist.strings in Resources */,
			);
			runOnlyForDeploymentPostprocessing = 0;
		};
		D02A0368145508BF00CAD6D9 /* Resources */ = {
			isa = PBXResourcesBuildPhase;
			buildActionMask = 2147483647;
			files = (
				D02A0377145508BF00CAD6D9 /* InfoPlist.strings in Resources */,
			);
			runOnlyForDeploymentPostprocessing = 0;
		};
		D02A0391145508C900CAD6D9 /* Resources */ = {
			isa = PBXResourcesBuildPhase;
			buildActionMask = 2147483647;
			files = (
				D02A03A1145508C900CAD6D9 /* InfoPlist.strings in Resources */,
			);
			runOnlyForDeploymentPostprocessing = 0;
		};
/* End PBXResourcesBuildPhase section */

/* Begin PBXShellScriptBuildPhase section */
		D02A0369145508BF00CAD6D9 /* ShellScript */ = {
			isa = PBXShellScriptBuildPhase;
			buildActionMask = 2147483647;
			files = (
			);
			inputPaths = (
			);
			outputPaths = (
			);
			runOnlyForDeploymentPostprocessing = 0;
			shellPath = /bin/sh;
			shellScript = "# Run the unit tests in this test bundle.\n\"${SYSTEM_DEVELOPER_DIR}/Tools/RunUnitTests\"\n";
		};
		D02A0392145508C900CAD6D9 /* ShellScript */ = {
			isa = PBXShellScriptBuildPhase;
			buildActionMask = 2147483647;
			files = (
			);
			inputPaths = (
			);
			outputPaths = (
			);
			runOnlyForDeploymentPostprocessing = 0;
			shellPath = /bin/sh;
			shellScript = "# Run the unit tests in this test bundle.\n\"${SYSTEM_DEVELOPER_DIR}/Tools/RunUnitTests\"\n";
		};
/* End PBXShellScriptBuildPhase section */

/* Begin PBXSourcesBuildPhase section */
		D02A034E145508BF00CAD6D9 /* Sources */ = {
			isa = PBXSourcesBuildPhase;
			buildActionMask = 2147483647;
			files = (
			);
			runOnlyForDeploymentPostprocessing = 0;
		};
		D02A0366145508BF00CAD6D9 /* Sources */ = {
			isa = PBXSourcesBuildPhase;
			buildActionMask = 2147483647;
			files = (
			);
			runOnlyForDeploymentPostprocessing = 0;
		};
		D02A0382145508C900CAD6D9 /* Sources */ = {
			isa = PBXSourcesBuildPhase;
			buildActionMask = 2147483647;
			files = (
			);
			runOnlyForDeploymentPostprocessing = 0;
		};
		D02A038F145508C900CAD6D9 /* Sources */ = {
			isa = PBXSourcesBuildPhase;
			buildActionMask = 2147483647;
			files = (
			);
			runOnlyForDeploymentPostprocessing = 0;
		};
/* End PBXSourcesBuildPhase section */

/* Begin PBXTargetDependency section */
		D02A0370145508BF00CAD6D9 /* PBXTargetDependency */ = {
			isa = PBXTargetDependency;
			target = D02A0352145508BF00CAD6D9 /* MoonlitCocoa */;
			targetProxy = D02A036F145508BF00CAD6D9 /* PBXContainerItemProxy */;
		};
		D02A039A145508C900CAD6D9 /* PBXTargetDependency */ = {
			isa = PBXTargetDependency;
			target = D02A0385145508C900CAD6D9 /* MoonlitCocoaTouch */;
			targetProxy = D02A0399145508C900CAD6D9 /* PBXContainerItemProxy */;
		};
/* End PBXTargetDependency section */

/* Begin PBXVariantGroup section */
		D02A035F145508BF00CAD6D9 /* InfoPlist.strings */ = {
			isa = PBXVariantGroup;
			children = (
				D02A0360145508BF00CAD6D9 /* en */,
			);
			name = InfoPlist.strings;
			sourceTree = "<group>";
		};
		D02A0375145508BF00CAD6D9 /* InfoPlist.strings */ = {
			isa = PBXVariantGroup;
			children = (
				D02A0376145508BF00CAD6D9 /* en */,
			);
			name = InfoPlist.strings;
			sourceTree = "<group>";
		};
		D02A039F145508C900CAD6D9 /* InfoPlist.strings */ = {
			isa = PBXVariantGroup;
			children = (
				D02A03A0145508C900CAD6D9 /* en */,
			);
			name = InfoPlist.strings;
			sourceTree = "<group>";
		};
/* End PBXVariantGroup section */

/* Begin XCBuildConfiguration section */
		D01315761454CF7B00ACC02F /* Debug */ = {
			isa = XCBuildConfiguration;
			baseConfigurationReference = D02A03B2145509E500CAD6D9 /* Debug.xcconfig */;
			buildSettings = {
			};
			name = Debug;
		};
		D01315771454CF7B00ACC02F /* Release */ = {
			isa = XCBuildConfiguration;
			baseConfigurationReference = D02A03B3145509E500CAD6D9 /* Release.xcconfig */;
			buildSettings = {
			};
			name = Release;
		};
		D02A037B145508BF00CAD6D9 /* Debug */ = {
			isa = XCBuildConfiguration;
			baseConfigurationReference = D02A03B514550AC100CAD6D9 /* Mac OS X.xcconfig */;
			buildSettings = {
				ARCHS = "$(ARCHS_STANDARD_64_BIT)";
				DYLIB_COMPATIBILITY_VERSION = 1;
				DYLIB_CURRENT_VERSION = 1;
				FRAMEWORK_VERSION = A;
				GCC_PREFIX_HEADER = "MoonlitCocoa/MoonlitCocoa-Prefix.pch";
				INFOPLIST_FILE = "MoonlitCocoa/MoonlitCocoa-Info.plist";
				ONLY_ACTIVE_ARCH = YES;
				PRODUCT_NAME = "$(TARGET_NAME)";
				SDKROOT = macosx;
				WRAPPER_EXTENSION = framework;
			};
			name = Debug;
		};
		D02A037C145508BF00CAD6D9 /* Release */ = {
			isa = XCBuildConfiguration;
			baseConfigurationReference = D02A03B514550AC100CAD6D9 /* Mac OS X.xcconfig */;
			buildSettings = {
				ARCHS = "$(ARCHS_STANDARD_64_BIT)";
				DEBUG_INFORMATION_FORMAT = "dwarf-with-dsym";
				DYLIB_COMPATIBILITY_VERSION = 1;
				DYLIB_CURRENT_VERSION = 1;
				FRAMEWORK_VERSION = A;
				GCC_PREFIX_HEADER = "MoonlitCocoa/MoonlitCocoa-Prefix.pch";
				INFOPLIST_FILE = "MoonlitCocoa/MoonlitCocoa-Info.plist";
				PRODUCT_NAME = "$(TARGET_NAME)";
				SDKROOT = macosx;
				WRAPPER_EXTENSION = framework;
			};
			name = Release;
		};
		D02A037D145508BF00CAD6D9 /* Debug */ = {
			isa = XCBuildConfiguration;
			baseConfigurationReference = D02A03B514550AC100CAD6D9 /* Mac OS X.xcconfig */;
			buildSettings = {
				ALWAYS_SEARCH_USER_PATHS = NO;
				ARCHS = "$(ARCHS_STANDARD_64_BIT)";
				CLANG_ENABLE_OBJC_ARC = YES;
				COPY_PHASE_STRIP = NO;
				FRAMEWORK_SEARCH_PATHS = "$(DEVELOPER_LIBRARY_DIR)/Frameworks";
				GCC_C_LANGUAGE_STANDARD = gnu99;
				GCC_DYNAMIC_NO_PIC = NO;
				GCC_ENABLE_OBJC_EXCEPTIONS = YES;
				GCC_OPTIMIZATION_LEVEL = 0;
				GCC_PRECOMPILE_PREFIX_HEADER = YES;
				GCC_PREFIX_HEADER = "MoonlitCocoa/MoonlitCocoa-Prefix.pch";
				GCC_PREPROCESSOR_DEFINITIONS = (
					"DEBUG=1",
					"$(inherited)",
				);
				GCC_SYMBOLS_PRIVATE_EXTERN = NO;
				GCC_VERSION = com.apple.compilers.llvm.clang.1_0;
				GCC_WARN_64_TO_32_BIT_CONVERSION = YES;
				GCC_WARN_ABOUT_MISSING_PROTOTYPES = YES;
				GCC_WARN_ABOUT_RETURN_TYPE = YES;
				GCC_WARN_UNUSED_VARIABLE = YES;
				INFOPLIST_FILE = "MoonlitCocoaTests/MoonlitCocoaTests-Info.plist";
				MACOSX_DEPLOYMENT_TARGET = 10.7;
				ONLY_ACTIVE_ARCH = YES;
				PRODUCT_NAME = "$(TARGET_NAME)";
				SDKROOT = macosx;
				WRAPPER_EXTENSION = octest;
			};
			name = Debug;
		};
		D02A037E145508BF00CAD6D9 /* Release */ = {
			isa = XCBuildConfiguration;
			baseConfigurationReference = D02A03B514550AC100CAD6D9 /* Mac OS X.xcconfig */;
			buildSettings = {
				ALWAYS_SEARCH_USER_PATHS = NO;
				ARCHS = "$(ARCHS_STANDARD_64_BIT)";
				CLANG_ENABLE_OBJC_ARC = YES;
				COPY_PHASE_STRIP = YES;
				DEBUG_INFORMATION_FORMAT = "dwarf-with-dsym";
				FRAMEWORK_SEARCH_PATHS = "$(DEVELOPER_LIBRARY_DIR)/Frameworks";
				GCC_C_LANGUAGE_STANDARD = gnu99;
				GCC_ENABLE_OBJC_EXCEPTIONS = YES;
				GCC_PRECOMPILE_PREFIX_HEADER = YES;
				GCC_PREFIX_HEADER = "MoonlitCocoa/MoonlitCocoa-Prefix.pch";
				GCC_VERSION = com.apple.compilers.llvm.clang.1_0;
				GCC_WARN_64_TO_32_BIT_CONVERSION = YES;
				GCC_WARN_ABOUT_MISSING_PROTOTYPES = YES;
				GCC_WARN_ABOUT_RETURN_TYPE = YES;
				GCC_WARN_UNUSED_VARIABLE = YES;
				INFOPLIST_FILE = "MoonlitCocoaTests/MoonlitCocoaTests-Info.plist";
				MACOSX_DEPLOYMENT_TARGET = 10.7;
				PRODUCT_NAME = "$(TARGET_NAME)";
				SDKROOT = macosx;
				WRAPPER_EXTENSION = octest;
			};
			name = Release;
		};
		D02A03A6145508C900CAD6D9 /* Debug */ = {
			isa = XCBuildConfiguration;
			baseConfigurationReference = D02A03B414550AC100CAD6D9 /* iOS.xcconfig */;
			buildSettings = {
				ARCHS = "$(ARCHS_STANDARD_32_BIT)";
				DSTROOT = /tmp/MoonlitCocoaTouch.dst;
				GCC_PREFIX_HEADER = "MoonlitCocoaTouch/MoonlitCocoaTouch-Prefix.pch";
				PRODUCT_NAME = "$(TARGET_NAME)";
				SDKROOT = iphoneos;
				SKIP_INSTALL = YES;
			};
			name = Debug;
		};
		D02A03A7145508C900CAD6D9 /* Release */ = {
			isa = XCBuildConfiguration;
			baseConfigurationReference = D02A03B414550AC100CAD6D9 /* iOS.xcconfig */;
			buildSettings = {
				ARCHS = "$(ARCHS_STANDARD_32_BIT)";
				DSTROOT = /tmp/MoonlitCocoaTouch.dst;
				GCC_PREFIX_HEADER = "MoonlitCocoaTouch/MoonlitCocoaTouch-Prefix.pch";
				PRODUCT_NAME = "$(TARGET_NAME)";
				SDKROOT = iphoneos;
				SKIP_INSTALL = YES;
				VALIDATE_PRODUCT = YES;
			};
			name = Release;
		};
		D02A03A9145508C900CAD6D9 /* Debug */ = {
			isa = XCBuildConfiguration;
			baseConfigurationReference = D02A03B414550AC100CAD6D9 /* iOS.xcconfig */;
			buildSettings = {
				ALWAYS_SEARCH_USER_PATHS = NO;
				ARCHS = "$(ARCHS_STANDARD_32_BIT)";
				CLANG_ENABLE_OBJC_ARC = YES;
				COPY_PHASE_STRIP = NO;
				FRAMEWORK_SEARCH_PATHS = (
					"$(SDKROOT)/Developer/Library/Frameworks",
					"$(DEVELOPER_LIBRARY_DIR)/Frameworks",
				);
				GCC_C_LANGUAGE_STANDARD = gnu99;
				GCC_DYNAMIC_NO_PIC = NO;
				GCC_OPTIMIZATION_LEVEL = 0;
				GCC_PRECOMPILE_PREFIX_HEADER = YES;
				GCC_PREFIX_HEADER = "MoonlitCocoaTouch/MoonlitCocoaTouch-Prefix.pch";
				GCC_PREPROCESSOR_DEFINITIONS = (
					"DEBUG=1",
					"$(inherited)",
				);
				GCC_SYMBOLS_PRIVATE_EXTERN = NO;
				GCC_VERSION = com.apple.compilers.llvm.clang.1_0;
				GCC_WARN_ABOUT_MISSING_PROTOTYPES = YES;
				GCC_WARN_ABOUT_RETURN_TYPE = YES;
				GCC_WARN_UNUSED_VARIABLE = YES;
				INFOPLIST_FILE = "MoonlitCocoaTouchTests/MoonlitCocoaTouchTests-Info.plist";
				IPHONEOS_DEPLOYMENT_TARGET = 5.0;
				PRODUCT_NAME = "$(TARGET_NAME)";
				SDKROOT = iphoneos;
				WRAPPER_EXTENSION = octest;
			};
			name = Debug;
		};
		D02A03AA145508C900CAD6D9 /* Release */ = {
			isa = XCBuildConfiguration;
			baseConfigurationReference = D02A03B414550AC100CAD6D9 /* iOS.xcconfig */;
			buildSettings = {
				ALWAYS_SEARCH_USER_PATHS = NO;
				ARCHS = "$(ARCHS_STANDARD_32_BIT)";
				CLANG_ENABLE_OBJC_ARC = YES;
				COPY_PHASE_STRIP = YES;
				FRAMEWORK_SEARCH_PATHS = (
					"$(SDKROOT)/Developer/Library/Frameworks",
					"$(DEVELOPER_LIBRARY_DIR)/Frameworks",
				);
				GCC_C_LANGUAGE_STANDARD = gnu99;
				GCC_PRECOMPILE_PREFIX_HEADER = YES;
				GCC_PREFIX_HEADER = "MoonlitCocoaTouch/MoonlitCocoaTouch-Prefix.pch";
				GCC_VERSION = com.apple.compilers.llvm.clang.1_0;
				GCC_WARN_ABOUT_MISSING_PROTOTYPES = YES;
				GCC_WARN_ABOUT_RETURN_TYPE = YES;
				GCC_WARN_UNUSED_VARIABLE = YES;
				INFOPLIST_FILE = "MoonlitCocoaTouchTests/MoonlitCocoaTouchTests-Info.plist";
				IPHONEOS_DEPLOYMENT_TARGET = 5.0;
				PRODUCT_NAME = "$(TARGET_NAME)";
				SDKROOT = iphoneos;
				VALIDATE_PRODUCT = YES;
				WRAPPER_EXTENSION = octest;
			};
			name = Release;
		};
/* End XCBuildConfiguration section */

/* Begin XCConfigurationList section */
		D01315741454CF7B00ACC02F /* Build configuration list for PBXProject "MoonlitCocoa" */ = {
			isa = XCConfigurationList;
			buildConfigurations = (
				D01315761454CF7B00ACC02F /* Debug */,
				D01315771454CF7B00ACC02F /* Release */,
			);
			defaultConfigurationIsVisible = 0;
			defaultConfigurationName = Release;
		};
		D02A037F145508BF00CAD6D9 /* Build configuration list for PBXNativeTarget "MoonlitCocoa" */ = {
			isa = XCConfigurationList;
			buildConfigurations = (
				D02A037B145508BF00CAD6D9 /* Debug */,
				D02A037C145508BF00CAD6D9 /* Release */,
			);
			defaultConfigurationIsVisible = 0;
		};
		D02A0380145508BF00CAD6D9 /* Build configuration list for PBXNativeTarget "MoonlitCocoaTests" */ = {
			isa = XCConfigurationList;
			buildConfigurations = (
				D02A037D145508BF00CAD6D9 /* Debug */,
				D02A037E145508BF00CAD6D9 /* Release */,
			);
			defaultConfigurationIsVisible = 0;
		};
		D02A03A5145508C900CAD6D9 /* Build configuration list for PBXNativeTarget "MoonlitCocoaTouch" */ = {
			isa = XCConfigurationList;
			buildConfigurations = (
				D02A03A6145508C900CAD6D9 /* Debug */,
				D02A03A7145508C900CAD6D9 /* Release */,
			);
			defaultConfigurationIsVisible = 0;
		};
		D02A03A8145508C900CAD6D9 /* Build configuration list for PBXNativeTarget "MoonlitCocoaTouchTests" */ = {
			isa = XCConfigurationList;
			buildConfigurations = (
				D02A03A9145508C900CAD6D9 /* Debug */,
				D02A03AA145508C900CAD6D9 /* Release */,
			);
			defaultConfigurationIsVisible = 0;
		};
/* End XCConfigurationList section */
	};
	rootObject = D01315711454CF7B00ACC02F /* Project object */;
}
