// !$*UTF8*$!
{
	archiveVersion = 1;
	classes = {
	};
	objectVersion = 46;
	objects = {

/* Begin PBXBuildFile section */
		D03127CE145DEF7800D14642 /* MLCModel.h in Headers */ = {isa = PBXBuildFile; fileRef = D03127CC145DEF7800D14642 /* MLCModel.h */; settings = {ATTRIBUTES = (Public, ); }; };
		D03127CF145DEF7800D14642 /* MLCModel.m in Sources */ = {isa = PBXBuildFile; fileRef = D03127CD145DEF7800D14642 /* MLCModel.m */; };
		D03127D5145DF55E00D14642 /* EXTRuntimeExtensions.h in Headers */ = {isa = PBXBuildFile; fileRef = D03127D3145DF55E00D14642 /* EXTRuntimeExtensions.h */; };
		D03127D6145DF55E00D14642 /* EXTRuntimeExtensions.m in Sources */ = {isa = PBXBuildFile; fileRef = D03127D4145DF55E00D14642 /* EXTRuntimeExtensions.m */; settings = {COMPILER_FLAGS = "-fno-objc-arc -Wno-conversion -Wno-sign-conversion"; }; };
		D03127F5145E212F00D14642 /* MLCValue.h in Headers */ = {isa = PBXBuildFile; fileRef = D03127F4145E212F00D14642 /* MLCValue.h */; settings = {ATTRIBUTES = (Public, ); }; };
		D03127F9145E224F00D14642 /* NSString+LuaAdditions.h in Headers */ = {isa = PBXBuildFile; fileRef = D03127F7145E224F00D14642 /* NSString+LuaAdditions.h */; settings = {ATTRIBUTES = (Public, ); }; };
		D03127FA145E224F00D14642 /* NSString+LuaAdditions.m in Sources */ = {isa = PBXBuildFile; fileRef = D03127F8145E224F00D14642 /* NSString+LuaAdditions.m */; };
		D0312804145E24C800D14642 /* NSNumber+LuaAdditions.h in Headers */ = {isa = PBXBuildFile; fileRef = D0312802145E24C800D14642 /* NSNumber+LuaAdditions.h */; settings = {ATTRIBUTES = (Public, ); }; };
		D0312805145E24C800D14642 /* NSNumber+LuaAdditions.m in Sources */ = {isa = PBXBuildFile; fileRef = D0312803145E24C800D14642 /* NSNumber+LuaAdditions.m */; };
		D0312809145E264300D14642 /* NSDictionary+LuaAdditions.h in Headers */ = {isa = PBXBuildFile; fileRef = D0312807145E264300D14642 /* NSDictionary+LuaAdditions.h */; settings = {ATTRIBUTES = (Public, ); }; };
		D031280A145E264300D14642 /* NSDictionary+LuaAdditions.m in Sources */ = {isa = PBXBuildFile; fileRef = D0312808145E264300D14642 /* NSDictionary+LuaAdditions.m */; };
		D0A6CCF81455E09D00B99D78 /* Cocoa.framework in Frameworks */ = {isa = PBXBuildFile; fileRef = D0A6CCF71455E09D00B99D78 /* Cocoa.framework */; };
		D0A6CD021455E09D00B99D78 /* InfoPlist.strings in Resources */ = {isa = PBXBuildFile; fileRef = D0A6CD001455E09D00B99D78 /* InfoPlist.strings */; };
		D0A6CD0E1455E09D00B99D78 /* SenTestingKit.framework in Frameworks */ = {isa = PBXBuildFile; fileRef = D0A6CD0D1455E09D00B99D78 /* SenTestingKit.framework */; };
		D0A6CD0F1455E09D00B99D78 /* Cocoa.framework in Frameworks */ = {isa = PBXBuildFile; fileRef = D0A6CCF71455E09D00B99D78 /* Cocoa.framework */; };
		D0A6CD121455E09D00B99D78 /* MoonlitCocoa.framework in Frameworks */ = {isa = PBXBuildFile; fileRef = D0A6CCF41455E09D00B99D78 /* MoonlitCocoa.framework */; };
		D0A6CD181455E09D00B99D78 /* InfoPlist.strings in Resources */ = {isa = PBXBuildFile; fileRef = D0A6CD161455E09D00B99D78 /* InfoPlist.strings */; };
		D0A6CD1B1455E09D00B99D78 /* MoonlitCocoaTests.m in Sources */ = {isa = PBXBuildFile; fileRef = D0A6CD1A1455E09D00B99D78 /* MoonlitCocoaTests.m */; };
		D0A6CD961455E73E00B99D78 /* liblua.5.1.dylib in Frameworks */ = {isa = PBXBuildFile; fileRef = D0A6CD951455E73E00B99D78 /* liblua.5.1.dylib */; };
		D0A6CDB6145604EE00B99D78 /* MoonlitCocoa.h in Headers */ = {isa = PBXBuildFile; fileRef = D0A6CD041455E09D00B99D78 /* MoonlitCocoa.h */; settings = {ATTRIBUTES = (Public, ); }; };
		D0A6CDBA1456052F00B99D78 /* MLCState.h in Headers */ = {isa = PBXBuildFile; fileRef = D0A6CDB81456052F00B99D78 /* MLCState.h */; settings = {ATTRIBUTES = (Public, ); }; };
		D0A6CDBB1456052F00B99D78 /* MLCState.m in Sources */ = {isa = PBXBuildFile; fileRef = D0A6CDB91456052F00B99D78 /* MLCState.m */; };
		D0A6CDCD145631E400B99D78 /* compiler.lua in Resources */ = {isa = PBXBuildFile; fileRef = D0A6CDCC145631E400B99D78 /* compiler.lua */; };
/* End PBXBuildFile section */

/* Begin PBXContainerItemProxy section */
		D0A6CD101455E09D00B99D78 /* PBXContainerItemProxy */ = {
			isa = PBXContainerItemProxy;
			containerPortal = D0A6CCEA1455E09D00B99D78 /* Project object */;
			proxyType = 1;
			remoteGlobalIDString = D0A6CCF31455E09D00B99D78;
			remoteInfo = MoonlitCocoa;
		};
/* End PBXContainerItemProxy section */

/* Begin PBXFileReference section */
		D03127CC145DEF7800D14642 /* MLCModel.h */ = {isa = PBXFileReference; fileEncoding = 4; lastKnownFileType = sourcecode.c.h; path = MLCModel.h; sourceTree = "<group>"; };
		D03127CD145DEF7800D14642 /* MLCModel.m */ = {isa = PBXFileReference; fileEncoding = 4; lastKnownFileType = sourcecode.c.objc; path = MLCModel.m; sourceTree = "<group>"; };
		D03127D3145DF55E00D14642 /* EXTRuntimeExtensions.h */ = {isa = PBXFileReference; fileEncoding = 4; lastKnownFileType = sourcecode.c.h; name = EXTRuntimeExtensions.h; path = ../libextobjc/extobjc/Modules/EXTRuntimeExtensions.h; sourceTree = "<group>"; };
		D03127D4145DF55E00D14642 /* EXTRuntimeExtensions.m */ = {isa = PBXFileReference; fileEncoding = 4; lastKnownFileType = sourcecode.c.objc; name = EXTRuntimeExtensions.m; path = ../libextobjc/extobjc/Modules/EXTRuntimeExtensions.m; sourceTree = "<group>"; };
		D03127F4145E212F00D14642 /* MLCValue.h */ = {isa = PBXFileReference; fileEncoding = 4; lastKnownFileType = sourcecode.c.h; path = MLCValue.h; sourceTree = "<group>"; };
		D03127F7145E224F00D14642 /* NSString+LuaAdditions.h */ = {isa = PBXFileReference; fileEncoding = 4; lastKnownFileType = sourcecode.c.h; path = "NSString+LuaAdditions.h"; sourceTree = "<group>"; };
		D03127F8145E224F00D14642 /* NSString+LuaAdditions.m */ = {isa = PBXFileReference; fileEncoding = 4; lastKnownFileType = sourcecode.c.objc; path = "NSString+LuaAdditions.m"; sourceTree = "<group>"; };
		D0312802145E24C800D14642 /* NSNumber+LuaAdditions.h */ = {isa = PBXFileReference; fileEncoding = 4; lastKnownFileType = sourcecode.c.h; path = "NSNumber+LuaAdditions.h"; sourceTree = "<group>"; };
		D0312803145E24C800D14642 /* NSNumber+LuaAdditions.m */ = {isa = PBXFileReference; fileEncoding = 4; lastKnownFileType = sourcecode.c.objc; path = "NSNumber+LuaAdditions.m"; sourceTree = "<group>"; };
		D0312807145E264300D14642 /* NSDictionary+LuaAdditions.h */ = {isa = PBXFileReference; fileEncoding = 4; lastKnownFileType = sourcecode.c.h; path = "NSDictionary+LuaAdditions.h"; sourceTree = "<group>"; };
		D0312808145E264300D14642 /* NSDictionary+LuaAdditions.m */ = {isa = PBXFileReference; fileEncoding = 4; lastKnownFileType = sourcecode.c.objc; path = "NSDictionary+LuaAdditions.m"; sourceTree = "<group>"; };
		D0A6CCF41455E09D00B99D78 /* MoonlitCocoa.framework */ = {isa = PBXFileReference; explicitFileType = wrapper.framework; includeInIndex = 0; path = MoonlitCocoa.framework; sourceTree = BUILT_PRODUCTS_DIR; };
		D0A6CCF71455E09D00B99D78 /* Cocoa.framework */ = {isa = PBXFileReference; lastKnownFileType = wrapper.framework; name = Cocoa.framework; path = System/Library/Frameworks/Cocoa.framework; sourceTree = SDKROOT; };
		D0A6CCFF1455E09D00B99D78 /* MoonlitCocoa-Info.plist */ = {isa = PBXFileReference; lastKnownFileType = text.plist.xml; path = "MoonlitCocoa-Info.plist"; sourceTree = "<group>"; };
		D0A6CD011455E09D00B99D78 /* en */ = {isa = PBXFileReference; lastKnownFileType = text.plist.strings; name = en; path = en.lproj/InfoPlist.strings; sourceTree = "<group>"; };
		D0A6CD031455E09D00B99D78 /* MoonlitCocoa-Prefix.pch */ = {isa = PBXFileReference; lastKnownFileType = sourcecode.c.h; path = "MoonlitCocoa-Prefix.pch"; sourceTree = "<group>"; };
		D0A6CD041455E09D00B99D78 /* MoonlitCocoa.h */ = {isa = PBXFileReference; lastKnownFileType = sourcecode.c.h; path = MoonlitCocoa.h; sourceTree = "<group>"; };
		D0A6CD0C1455E09D00B99D78 /* MoonlitCocoaTests.octest */ = {isa = PBXFileReference; explicitFileType = wrapper.cfbundle; includeInIndex = 0; path = MoonlitCocoaTests.octest; sourceTree = BUILT_PRODUCTS_DIR; };
		D0A6CD0D1455E09D00B99D78 /* SenTestingKit.framework */ = {isa = PBXFileReference; lastKnownFileType = wrapper.framework; name = SenTestingKit.framework; path = Library/Frameworks/SenTestingKit.framework; sourceTree = DEVELOPER_DIR; };
		D0A6CD151455E09D00B99D78 /* MoonlitCocoaTests-Info.plist */ = {isa = PBXFileReference; lastKnownFileType = text.plist.xml; path = "MoonlitCocoaTests-Info.plist"; sourceTree = "<group>"; };
		D0A6CD171455E09D00B99D78 /* en */ = {isa = PBXFileReference; lastKnownFileType = text.plist.strings; name = en; path = en.lproj/InfoPlist.strings; sourceTree = "<group>"; };
		D0A6CD191455E09D00B99D78 /* MoonlitCocoaTests.h */ = {isa = PBXFileReference; lastKnownFileType = sourcecode.c.h; path = MoonlitCocoaTests.h; sourceTree = "<group>"; };
		D0A6CD1A1455E09D00B99D78 /* MoonlitCocoaTests.m */ = {isa = PBXFileReference; lastKnownFileType = sourcecode.c.objc; path = MoonlitCocoaTests.m; sourceTree = "<group>"; };
		D0A6CD781455E20000B99D78 /* Base.xcconfig */ = {isa = PBXFileReference; lastKnownFileType = text.xcconfig; path = Base.xcconfig; sourceTree = "<group>"; };
		D0A6CD791455E20000B99D78 /* Debug.xcconfig */ = {isa = PBXFileReference; lastKnownFileType = text.xcconfig; path = Debug.xcconfig; sourceTree = "<group>"; };
		D0A6CD7A1455E20000B99D78 /* iOS.xcconfig */ = {isa = PBXFileReference; lastKnownFileType = text.xcconfig; path = iOS.xcconfig; sourceTree = "<group>"; };
		D0A6CD7B1455E20000B99D78 /* Mac OS X.xcconfig */ = {isa = PBXFileReference; lastKnownFileType = text.xcconfig; path = "Mac OS X.xcconfig"; sourceTree = "<group>"; };
		D0A6CD7C1455E20000B99D78 /* Release.xcconfig */ = {isa = PBXFileReference; lastKnownFileType = text.xcconfig; path = Release.xcconfig; sourceTree = "<group>"; };
		D0A6CD951455E73E00B99D78 /* liblua.5.1.dylib */ = {isa = PBXFileReference; lastKnownFileType = "compiled.mach-o.dylib"; name = liblua.5.1.dylib; path = SDKs/MacOSX10.7.sdk/usr/local/lib/liblua.5.1.dylib; sourceTree = DEVELOPER_DIR; };
		D0A6CDB81456052F00B99D78 /* MLCState.h */ = {isa = PBXFileReference; fileEncoding = 4; lastKnownFileType = sourcecode.c.h; path = MLCState.h; sourceTree = "<group>"; };
		D0A6CDB91456052F00B99D78 /* MLCState.m */ = {isa = PBXFileReference; fileEncoding = 4; lastKnownFileType = sourcecode.c.objc; path = MLCState.m; sourceTree = "<group>"; };
		D0A6CDCC145631E400B99D78 /* compiler.lua */ = {isa = PBXFileReference; fileEncoding = 4; lastKnownFileType = text; path = compiler.lua; sourceTree = "<group>"; };
/* End PBXFileReference section */

/* Begin PBXFrameworksBuildPhase section */
		D0A6CCF01455E09D00B99D78 /* Frameworks */ = {
			isa = PBXFrameworksBuildPhase;
			buildActionMask = 2147483647;
			files = (
				D0A6CD961455E73E00B99D78 /* liblua.5.1.dylib in Frameworks */,
				D0A6CCF81455E09D00B99D78 /* Cocoa.framework in Frameworks */,
			);
			runOnlyForDeploymentPostprocessing = 0;
		};
		D0A6CD081455E09D00B99D78 /* Frameworks */ = {
			isa = PBXFrameworksBuildPhase;
			buildActionMask = 2147483647;
			files = (
				D0A6CD0E1455E09D00B99D78 /* SenTestingKit.framework in Frameworks */,
				D0A6CD0F1455E09D00B99D78 /* Cocoa.framework in Frameworks */,
				D0A6CD121455E09D00B99D78 /* MoonlitCocoa.framework in Frameworks */,
			);
			runOnlyForDeploymentPostprocessing = 0;
		};
/* End PBXFrameworksBuildPhase section */

/* Begin PBXGroup section */
		D03127D2145DF54200D14642 /* libextobjc */ = {
			isa = PBXGroup;
			children = (
				D03127D3145DF55E00D14642 /* EXTRuntimeExtensions.h */,
				D03127D4145DF55E00D14642 /* EXTRuntimeExtensions.m */,
			);
			name = libextobjc;
			sourceTree = "<group>";
		};
		D03127F3145E210300D14642 /* Protocols */ = {
			isa = PBXGroup;
			children = (
				D03127F4145E212F00D14642 /* MLCValue.h */,
			);
			name = Protocols;
			sourceTree = "<group>";
		};
		D03127F6145E222E00D14642 /* Extensions */ = {
			isa = PBXGroup;
			children = (
				D0312807145E264300D14642 /* NSDictionary+LuaAdditions.h */,
				D0312808145E264300D14642 /* NSDictionary+LuaAdditions.m */,
				D0312802145E24C800D14642 /* NSNumber+LuaAdditions.h */,
				D0312803145E24C800D14642 /* NSNumber+LuaAdditions.m */,
				D03127F7145E224F00D14642 /* NSString+LuaAdditions.h */,
				D03127F8145E224F00D14642 /* NSString+LuaAdditions.m */,
			);
			name = Extensions;
			sourceTree = "<group>";
		};
		D0A6CCE81455E09D00B99D78 = {
			isa = PBXGroup;
			children = (
				D0A6CCFD1455E09D00B99D78 /* MoonlitCocoa */,
				D0A6CD131455E09D00B99D78 /* MoonlitCocoaTests */,
				D0A6CD771455E20000B99D78 /* Configuration */,
				D0A6CCF61455E09D00B99D78 /* Frameworks */,
				D0A6CCF51455E09D00B99D78 /* Products */,
			);
			sourceTree = "<group>";
		};
		D0A6CCF51455E09D00B99D78 /* Products */ = {
			isa = PBXGroup;
			children = (
				D0A6CCF41455E09D00B99D78 /* MoonlitCocoa.framework */,
				D0A6CD0C1455E09D00B99D78 /* MoonlitCocoaTests.octest */,
			);
			name = Products;
			sourceTree = "<group>";
		};
		D0A6CCF61455E09D00B99D78 /* Frameworks */ = {
			isa = PBXGroup;
			children = (
				D03127D2145DF54200D14642 /* libextobjc */,
				D0A6CCF71455E09D00B99D78 /* Cocoa.framework */,
				D0A6CD0D1455E09D00B99D78 /* SenTestingKit.framework */,
				D0A6CD951455E73E00B99D78 /* liblua.5.1.dylib */,
			);
			name = Frameworks;
			sourceTree = "<group>";
		};
		D0A6CCFD1455E09D00B99D78 /* MoonlitCocoa */ = {
			isa = PBXGroup;
			children = (
				D0A6CD041455E09D00B99D78 /* MoonlitCocoa.h */,
				D0A6CDB71456050C00B99D78 /* Classes */,
				D03127F6145E222E00D14642 /* Extensions */,
				D03127F3145E210300D14642 /* Protocols */,
				D0A6CDC91456317400B99D78 /* Scripts */,
				D0A6CCFE1455E09D00B99D78 /* Supporting Files */,
			);
			path = MoonlitCocoa;
			sourceTree = "<group>";
		};
		D0A6CCFE1455E09D00B99D78 /* Supporting Files */ = {
			isa = PBXGroup;
			children = (
				D0A6CCFF1455E09D00B99D78 /* MoonlitCocoa-Info.plist */,
				D0A6CD001455E09D00B99D78 /* InfoPlist.strings */,
				D0A6CD031455E09D00B99D78 /* MoonlitCocoa-Prefix.pch */,
			);
			name = "Supporting Files";
			sourceTree = "<group>";
		};
		D0A6CD131455E09D00B99D78 /* MoonlitCocoaTests */ = {
			isa = PBXGroup;
			children = (
				D0A6CD191455E09D00B99D78 /* MoonlitCocoaTests.h */,
				D0A6CD1A1455E09D00B99D78 /* MoonlitCocoaTests.m */,
				D0A6CD141455E09D00B99D78 /* Supporting Files */,
			);
			path = MoonlitCocoaTests;
			sourceTree = "<group>";
		};
		D0A6CD141455E09D00B99D78 /* Supporting Files */ = {
			isa = PBXGroup;
			children = (
				D0A6CD151455E09D00B99D78 /* MoonlitCocoaTests-Info.plist */,
				D0A6CD161455E09D00B99D78 /* InfoPlist.strings */,
			);
			name = "Supporting Files";
			sourceTree = "<group>";
		};
		D0A6CD771455E20000B99D78 /* Configuration */ = {
			isa = PBXGroup;
			children = (
				D0A6CD781455E20000B99D78 /* Base.xcconfig */,
				D0A6CD791455E20000B99D78 /* Debug.xcconfig */,
				D0A6CD7A1455E20000B99D78 /* iOS.xcconfig */,
				D0A6CD7B1455E20000B99D78 /* Mac OS X.xcconfig */,
				D0A6CD7C1455E20000B99D78 /* Release.xcconfig */,
			);
			name = Configuration;
			path = ../../Configuration;
			sourceTree = "<group>";
		};
		D0A6CDB71456050C00B99D78 /* Classes */ = {
			isa = PBXGroup;
			children = (
				D03127CC145DEF7800D14642 /* MLCModel.h */,
				D03127CD145DEF7800D14642 /* MLCModel.m */,
				D0A6CDB81456052F00B99D78 /* MLCState.h */,
				D0A6CDB91456052F00B99D78 /* MLCState.m */,
			);
			name = Classes;
			sourceTree = "<group>";
		};
		D0A6CDC91456317400B99D78 /* Scripts */ = {
			isa = PBXGroup;
			children = (
				D0A6CDCC145631E400B99D78 /* compiler.lua */,
			);
			name = Scripts;
			sourceTree = "<group>";
		};
/* End PBXGroup section */

/* Begin PBXHeadersBuildPhase section */
		D0A6CCF11455E09D00B99D78 /* Headers */ = {
			isa = PBXHeadersBuildPhase;
			buildActionMask = 2147483647;
			files = (
				D0A6CDB6145604EE00B99D78 /* MoonlitCocoa.h in Headers */,
				D0A6CDBA1456052F00B99D78 /* MLCState.h in Headers */,
				D03127D5145DF55E00D14642 /* EXTRuntimeExtensions.h in Headers */,
				D03127CE145DEF7800D14642 /* MLCModel.h in Headers */,
				D03127F5145E212F00D14642 /* MLCValue.h in Headers */,
				D03127F9145E224F00D14642 /* NSString+LuaAdditions.h in Headers */,
				D0312804145E24C800D14642 /* NSNumber+LuaAdditions.h in Headers */,
				D0312809145E264300D14642 /* NSDictionary+LuaAdditions.h in Headers */,
			);
			runOnlyForDeploymentPostprocessing = 0;
		};
/* End PBXHeadersBuildPhase section */

/* Begin PBXNativeTarget section */
		D0A6CCF31455E09D00B99D78 /* MoonlitCocoa */ = {
			isa = PBXNativeTarget;
			buildConfigurationList = D0A6CD1E1455E09D00B99D78 /* Build configuration list for PBXNativeTarget "MoonlitCocoa" */;
			buildPhases = (
				D0A6CCEF1455E09D00B99D78 /* Sources */,
				D0A6CCF01455E09D00B99D78 /* Frameworks */,
				D0A6CCF11455E09D00B99D78 /* Headers */,
				D0A6CCF21455E09D00B99D78 /* Resources */,
			);
			buildRules = (
			);
			dependencies = (
			);
			name = MoonlitCocoa;
			productName = MoonlitCocoa;
			productReference = D0A6CCF41455E09D00B99D78 /* MoonlitCocoa.framework */;
			productType = "com.apple.product-type.framework";
		};
		D0A6CD0B1455E09D00B99D78 /* MoonlitCocoaTests */ = {
			isa = PBXNativeTarget;
			buildConfigurationList = D0A6CD211455E09D00B99D78 /* Build configuration list for PBXNativeTarget "MoonlitCocoaTests" */;
			buildPhases = (
				D0A6CD071455E09D00B99D78 /* Sources */,
				D0A6CD081455E09D00B99D78 /* Frameworks */,
				D0A6CD091455E09D00B99D78 /* Resources */,
				D0A6CD0A1455E09D00B99D78 /* ShellScript */,
			);
			buildRules = (
			);
			dependencies = (
				D0A6CD111455E09D00B99D78 /* PBXTargetDependency */,
			);
			name = MoonlitCocoaTests;
			productName = MoonlitCocoaTests;
			productReference = D0A6CD0C1455E09D00B99D78 /* MoonlitCocoaTests.octest */;
			productType = "com.apple.product-type.bundle";
		};
/* End PBXNativeTarget section */

/* Begin PBXProject section */
		D0A6CCEA1455E09D00B99D78 /* Project object */ = {
			isa = PBXProject;
			attributes = {
				LastUpgradeCheck = 0420;
			};
			buildConfigurationList = D0A6CCED1455E09D00B99D78 /* Build configuration list for PBXProject "MoonlitCocoa" */;
			compatibilityVersion = "Xcode 3.2";
			developmentRegion = English;
			hasScannedForEncodings = 0;
			knownRegions = (
				en,
			);
			mainGroup = D0A6CCE81455E09D00B99D78;
			productRefGroup = D0A6CCF51455E09D00B99D78 /* Products */;
			projectDirPath = "";
			projectRoot = "";
			targets = (
				D0A6CCF31455E09D00B99D78 /* MoonlitCocoa */,
				D0A6CD0B1455E09D00B99D78 /* MoonlitCocoaTests */,
			);
		};
/* End PBXProject section */

/* Begin PBXResourcesBuildPhase section */
		D0A6CCF21455E09D00B99D78 /* Resources */ = {
			isa = PBXResourcesBuildPhase;
			buildActionMask = 2147483647;
			files = (
				D0A6CD021455E09D00B99D78 /* InfoPlist.strings in Resources */,
				D0A6CDCD145631E400B99D78 /* compiler.lua in Resources */,
			);
			runOnlyForDeploymentPostprocessing = 0;
		};
		D0A6CD091455E09D00B99D78 /* Resources */ = {
			isa = PBXResourcesBuildPhase;
			buildActionMask = 2147483647;
			files = (
				D0A6CD181455E09D00B99D78 /* InfoPlist.strings in Resources */,
			);
			runOnlyForDeploymentPostprocessing = 0;
		};
/* End PBXResourcesBuildPhase section */

/* Begin PBXShellScriptBuildPhase section */
		D0A6CD0A1455E09D00B99D78 /* ShellScript */ = {
			isa = PBXShellScriptBuildPhase;
			buildActionMask = 2147483647;
			files = (
			);
			inputPaths = (
			);
			outputPaths = (
			);
			runOnlyForDeploymentPostprocessing = 0;
			shellPath = /bin/sh;
			shellScript = "# Run the unit tests in this test bundle.\n\"${SYSTEM_DEVELOPER_DIR}/Tools/RunUnitTests\"\n";
		};
/* End PBXShellScriptBuildPhase section */

/* Begin PBXSourcesBuildPhase section */
		D0A6CCEF1455E09D00B99D78 /* Sources */ = {
			isa = PBXSourcesBuildPhase;
			buildActionMask = 2147483647;
			files = (
				D0A6CDBB1456052F00B99D78 /* MLCState.m in Sources */,
				D03127D6145DF55E00D14642 /* EXTRuntimeExtensions.m in Sources */,
				D03127CF145DEF7800D14642 /* MLCModel.m in Sources */,
				D03127FA145E224F00D14642 /* NSString+LuaAdditions.m in Sources */,
				D0312805145E24C800D14642 /* NSNumber+LuaAdditions.m in Sources */,
				D031280A145E264300D14642 /* NSDictionary+LuaAdditions.m in Sources */,
			);
			runOnlyForDeploymentPostprocessing = 0;
		};
		D0A6CD071455E09D00B99D78 /* Sources */ = {
			isa = PBXSourcesBuildPhase;
			buildActionMask = 2147483647;
			files = (
				D0A6CD1B1455E09D00B99D78 /* MoonlitCocoaTests.m in Sources */,
			);
			runOnlyForDeploymentPostprocessing = 0;
		};
/* End PBXSourcesBuildPhase section */

/* Begin PBXTargetDependency section */
		D0A6CD111455E09D00B99D78 /* PBXTargetDependency */ = {
			isa = PBXTargetDependency;
			target = D0A6CCF31455E09D00B99D78 /* MoonlitCocoa */;
			targetProxy = D0A6CD101455E09D00B99D78 /* PBXContainerItemProxy */;
		};
/* End PBXTargetDependency section */

/* Begin PBXVariantGroup section */
		D0A6CD001455E09D00B99D78 /* InfoPlist.strings */ = {
			isa = PBXVariantGroup;
			children = (
				D0A6CD011455E09D00B99D78 /* en */,
			);
			name = InfoPlist.strings;
			sourceTree = "<group>";
		};
		D0A6CD161455E09D00B99D78 /* InfoPlist.strings */ = {
			isa = PBXVariantGroup;
			children = (
				D0A6CD171455E09D00B99D78 /* en */,
			);
			name = InfoPlist.strings;
			sourceTree = "<group>";
		};
/* End PBXVariantGroup section */

/* Begin XCBuildConfiguration section */
		D0A6CD1C1455E09D00B99D78 /* Debug */ = {
			isa = XCBuildConfiguration;
			baseConfigurationReference = D0A6CD791455E20000B99D78 /* Debug.xcconfig */;
			buildSettings = {
			};
			name = Debug;
		};
		D0A6CD1D1455E09D00B99D78 /* Release */ = {
			isa = XCBuildConfiguration;
			baseConfigurationReference = D0A6CD7C1455E20000B99D78 /* Release.xcconfig */;
			buildSettings = {
			};
			name = Release;
		};
		D0A6CD1F1455E09D00B99D78 /* Debug */ = {
			isa = XCBuildConfiguration;
			baseConfigurationReference = D0A6CD7B1455E20000B99D78 /* Mac OS X.xcconfig */;
			buildSettings = {
				DYLIB_COMPATIBILITY_VERSION = 1;
				DYLIB_CURRENT_VERSION = 1;
				FRAMEWORK_VERSION = A;
				GCC_PREFIX_HEADER = "MoonlitCocoa/MoonlitCocoa-Prefix.pch";
				INFOPLIST_FILE = "MoonlitCocoa/MoonlitCocoa-Info.plist";
				OTHER_LDFLAGS = (
					"-install_name",
					"\"@executable_path/../Frameworks/MoonlitCocoa.framework/MoonlitCocoa\"",
				);
				PRODUCT_NAME = "$(TARGET_NAME)";
				WRAPPER_EXTENSION = framework;
			};
			name = Debug;
		};
		D0A6CD201455E09D00B99D78 /* Release */ = {
			isa = XCBuildConfiguration;
			baseConfigurationReference = D0A6CD7B1455E20000B99D78 /* Mac OS X.xcconfig */;
			buildSettings = {
				DYLIB_COMPATIBILITY_VERSION = 1;
				DYLIB_CURRENT_VERSION = 1;
				FRAMEWORK_VERSION = A;
				GCC_PREFIX_HEADER = "MoonlitCocoa/MoonlitCocoa-Prefix.pch";
				INFOPLIST_FILE = "MoonlitCocoa/MoonlitCocoa-Info.plist";
				OTHER_LDFLAGS = (
					"-install_name",
					"\"@executable_path/../Frameworks/MoonlitCocoa.framework/MoonlitCocoa\"",
				);
				PRODUCT_NAME = "$(TARGET_NAME)";
				WRAPPER_EXTENSION = framework;
			};
			name = Release;
		};
		D0A6CD221455E09D00B99D78 /* Debug */ = {
			isa = XCBuildConfiguration;
			baseConfigurationReference = D0A6CD7B1455E20000B99D78 /* Mac OS X.xcconfig */;
			buildSettings = {
				FRAMEWORK_SEARCH_PATHS = "$(DEVELOPER_LIBRARY_DIR)/Frameworks";
				GCC_PREFIX_HEADER = "MoonlitCocoa/MoonlitCocoa-Prefix.pch";
				INFOPLIST_FILE = "MoonlitCocoaTests/MoonlitCocoaTests-Info.plist";
				PRODUCT_NAME = "$(TARGET_NAME)";
				WRAPPER_EXTENSION = octest;
			};
			name = Debug;
		};
		D0A6CD231455E09D00B99D78 /* Release */ = {
			isa = XCBuildConfiguration;
			baseConfigurationReference = D0A6CD7B1455E20000B99D78 /* Mac OS X.xcconfig */;
			buildSettings = {
				FRAMEWORK_SEARCH_PATHS = "$(DEVELOPER_LIBRARY_DIR)/Frameworks";
				GCC_PREFIX_HEADER = "MoonlitCocoa/MoonlitCocoa-Prefix.pch";
				INFOPLIST_FILE = "MoonlitCocoaTests/MoonlitCocoaTests-Info.plist";
				PRODUCT_NAME = "$(TARGET_NAME)";
				WRAPPER_EXTENSION = octest;
			};
			name = Release;
		};
/* End XCBuildConfiguration section */

/* Begin XCConfigurationList section */
		D0A6CCED1455E09D00B99D78 /* Build configuration list for PBXProject "MoonlitCocoa" */ = {
			isa = XCConfigurationList;
			buildConfigurations = (
				D0A6CD1C1455E09D00B99D78 /* Debug */,
				D0A6CD1D1455E09D00B99D78 /* Release */,
			);
			defaultConfigurationIsVisible = 0;
			defaultConfigurationName = Release;
		};
		D0A6CD1E1455E09D00B99D78 /* Build configuration list for PBXNativeTarget "MoonlitCocoa" */ = {
			isa = XCConfigurationList;
			buildConfigurations = (
				D0A6CD1F1455E09D00B99D78 /* Debug */,
				D0A6CD201455E09D00B99D78 /* Release */,
			);
			defaultConfigurationIsVisible = 0;
			defaultConfigurationName = Release;
		};
		D0A6CD211455E09D00B99D78 /* Build configuration list for PBXNativeTarget "MoonlitCocoaTests" */ = {
			isa = XCConfigurationList;
			buildConfigurations = (
				D0A6CD221455E09D00B99D78 /* Debug */,
				D0A6CD231455E09D00B99D78 /* Release */,
			);
			defaultConfigurationIsVisible = 0;
			defaultConfigurationName = Release;
		};
/* End XCConfigurationList section */
	};
	rootObject = D0A6CCEA1455E09D00B99D78 /* Project object */;
}
