// !$*UTF8*$!
{
	archiveVersion = 1;
	classes = {
	};
	objectVersion = 46;
	objects = {

/* Begin PBXBuildFile section */
		D03127A0145DDE9000D14642 /* MoonlitCocoa.framework in Frameworks */ = {isa = PBXBuildFile; fileRef = D031279F145DDE9000D14642 /* MoonlitCocoa.framework */; };
		D03127AB145DDEC500D14642 /* MoonlitCocoa.framework in Copy Frameworks */ = {isa = PBXBuildFile; fileRef = D031279F145DDE9000D14642 /* MoonlitCocoa.framework */; };
		D0890FD1145777E300B77FB9 /* MLCShoppingCart.m in Sources */ = {isa = PBXBuildFile; fileRef = D0890FD0145777E300B77FB9 /* MLCShoppingCart.m */; };
		D0890FDC1457781800B77FB9 /* MLCProduct.m in Sources */ = {isa = PBXBuildFile; fileRef = D0890FDB1457781800B77FB9 /* MLCProduct.m */; };
		D0890FE2145778F900B77FB9 /* MLCShoppingCartWindowController.m in Sources */ = {isa = PBXBuildFile; fileRef = D0890FE1145778F900B77FB9 /* MLCShoppingCartWindowController.m */; };
		D0890FE51457795500B77FB9 /* MLCShoppingCartWindow.xib in Resources */ = {isa = PBXBuildFile; fileRef = D0890FE31457795500B77FB9 /* MLCShoppingCartWindow.xib */; };
		D0A6CD341455E10E00B99D78 /* Cocoa.framework in Frameworks */ = {isa = PBXBuildFile; fileRef = D0A6CD331455E10E00B99D78 /* Cocoa.framework */; };
		D0A6CD3E1455E10E00B99D78 /* InfoPlist.strings in Resources */ = {isa = PBXBuildFile; fileRef = D0A6CD3C1455E10E00B99D78 /* InfoPlist.strings */; };
		D0A6CD401455E10E00B99D78 /* main.m in Sources */ = {isa = PBXBuildFile; fileRef = D0A6CD3F1455E10E00B99D78 /* main.m */; };
		D0A6CD441455E10E00B99D78 /* Credits.rtf in Resources */ = {isa = PBXBuildFile; fileRef = D0A6CD421455E10E00B99D78 /* Credits.rtf */; };
		D0A6CD471455E10E00B99D78 /* MLCAppDelegate.m in Sources */ = {isa = PBXBuildFile; fileRef = D0A6CD461455E10E00B99D78 /* MLCAppDelegate.m */; };
		D0A6CD4A1455E10E00B99D78 /* MainMenu.xib in Resources */ = {isa = PBXBuildFile; fileRef = D0A6CD481455E10E00B99D78 /* MainMenu.xib */; };
		D0A6CD521455E10F00B99D78 /* SenTestingKit.framework in Frameworks */ = {isa = PBXBuildFile; fileRef = D0A6CD511455E10F00B99D78 /* SenTestingKit.framework */; };
		D0A6CD531455E10F00B99D78 /* Cocoa.framework in Frameworks */ = {isa = PBXBuildFile; fileRef = D0A6CD331455E10E00B99D78 /* Cocoa.framework */; };
		D0A6CD5B1455E10F00B99D78 /* InfoPlist.strings in Resources */ = {isa = PBXBuildFile; fileRef = D0A6CD591455E10F00B99D78 /* InfoPlist.strings */; };
		D0A6CD5E1455E10F00B99D78 /* MLC_OS_X_DemoTests.m in Sources */ = {isa = PBXBuildFile; fileRef = D0A6CD5D1455E10F00B99D78 /* MLC_OS_X_DemoTests.m */; };
		D0A6CDA01455E90200B99D78 /* liblua.5.1.dylib in Frameworks */ = {isa = PBXBuildFile; fileRef = D0A6CD9F1455E90200B99D78 /* liblua.5.1.dylib */; };
/* End PBXBuildFile section */

/* Begin PBXContainerItemProxy section */
		D0A6CD541455E10F00B99D78 /* PBXContainerItemProxy */ = {
			isa = PBXContainerItemProxy;
			containerPortal = D0A6CD261455E10E00B99D78 /* Project object */;
			proxyType = 1;
			remoteGlobalIDString = D0A6CD2E1455E10E00B99D78;
			remoteInfo = "MLC OS X Demo";
		};
/* End PBXContainerItemProxy section */

/* Begin PBXCopyFilesBuildPhase section */
		D03127A9145DDEBF00D14642 /* Copy Frameworks */ = {
			isa = PBXCopyFilesBuildPhase;
			buildActionMask = 2147483647;
			dstPath = "";
			dstSubfolderSpec = 10;
			files = (
				D03127AB145DDEC500D14642 /* MoonlitCocoa.framework in Copy Frameworks */,
			);
			name = "Copy Frameworks";
			runOnlyForDeploymentPostprocessing = 0;
		};
/* End PBXCopyFilesBuildPhase section */

/* Begin PBXFileReference section */
		D031279F145DDE9000D14642 /* MoonlitCocoa.framework */ = {isa = PBXFileReference; lastKnownFileType = wrapper.framework; name = MoonlitCocoa.framework; path = "/Users/justin/Library/Developer/Xcode/DerivedData/MoonlitCocoa-hctjgytkndblerbctpedbcnrlwba/Build/Products/Debug/MoonlitCocoa.framework"; sourceTree = "<absolute>"; };
		D0890FCF145777E300B77FB9 /* MLCShoppingCart.h */ = {isa = PBXFileReference; fileEncoding = 4; lastKnownFileType = sourcecode.c.h; path = MLCShoppingCart.h; sourceTree = "<group>"; };
		D0890FD0145777E300B77FB9 /* MLCShoppingCart.m */ = {isa = PBXFileReference; fileEncoding = 4; lastKnownFileType = sourcecode.c.objc; path = MLCShoppingCart.m; sourceTree = "<group>"; };
		D0890FDA1457781800B77FB9 /* MLCProduct.h */ = {isa = PBXFileReference; fileEncoding = 4; lastKnownFileType = sourcecode.c.h; path = MLCProduct.h; sourceTree = "<group>"; };
		D0890FDB1457781800B77FB9 /* MLCProduct.m */ = {isa = PBXFileReference; fileEncoding = 4; lastKnownFileType = sourcecode.c.objc; path = MLCProduct.m; sourceTree = "<group>"; };
		D0890FE0145778F900B77FB9 /* MLCShoppingCartWindowController.h */ = {isa = PBXFileReference; fileEncoding = 4; lastKnownFileType = sourcecode.c.h; path = MLCShoppingCartWindowController.h; sourceTree = "<group>"; };
		D0890FE1145778F900B77FB9 /* MLCShoppingCartWindowController.m */ = {isa = PBXFileReference; fileEncoding = 4; lastKnownFileType = sourcecode.c.objc; path = MLCShoppingCartWindowController.m; sourceTree = "<group>"; };
		D0890FE41457795500B77FB9 /* en */ = {isa = PBXFileReference; lastKnownFileType = file.xib; name = en; path = en.lproj/MLCShoppingCartWindow.xib; sourceTree = "<group>"; };
		D0A6CD2F1455E10E00B99D78 /* MLC OS X Demo.app */ = {isa = PBXFileReference; explicitFileType = wrapper.application; includeInIndex = 0; path = "MLC OS X Demo.app"; sourceTree = BUILT_PRODUCTS_DIR; };
		D0A6CD331455E10E00B99D78 /* Cocoa.framework */ = {isa = PBXFileReference; lastKnownFileType = wrapper.framework; name = Cocoa.framework; path = System/Library/Frameworks/Cocoa.framework; sourceTree = SDKROOT; };
		D0A6CD3B1455E10E00B99D78 /* MLC OS X Demo-Info.plist */ = {isa = PBXFileReference; lastKnownFileType = text.plist.xml; path = "MLC OS X Demo-Info.plist"; sourceTree = "<group>"; };
		D0A6CD3D1455E10E00B99D78 /* en */ = {isa = PBXFileReference; lastKnownFileType = text.plist.strings; name = en; path = en.lproj/InfoPlist.strings; sourceTree = "<group>"; };
		D0A6CD3F1455E10E00B99D78 /* main.m */ = {isa = PBXFileReference; lastKnownFileType = sourcecode.c.objc; path = main.m; sourceTree = "<group>"; };
		D0A6CD411455E10E00B99D78 /* MLC OS X Demo-Prefix.pch */ = {isa = PBXFileReference; lastKnownFileType = sourcecode.c.h; path = "MLC OS X Demo-Prefix.pch"; sourceTree = "<group>"; };
		D0A6CD431455E10E00B99D78 /* en */ = {isa = PBXFileReference; lastKnownFileType = text.rtf; name = en; path = en.lproj/Credits.rtf; sourceTree = "<group>"; };
		D0A6CD451455E10E00B99D78 /* MLCAppDelegate.h */ = {isa = PBXFileReference; lastKnownFileType = sourcecode.c.h; path = MLCAppDelegate.h; sourceTree = "<group>"; };
		D0A6CD461455E10E00B99D78 /* MLCAppDelegate.m */ = {isa = PBXFileReference; lastKnownFileType = sourcecode.c.objc; path = MLCAppDelegate.m; sourceTree = "<group>"; };
		D0A6CD491455E10E00B99D78 /* en */ = {isa = PBXFileReference; lastKnownFileType = file.xib; name = en; path = en.lproj/MainMenu.xib; sourceTree = "<group>"; };
		D0A6CD501455E10F00B99D78 /* MLC OS X DemoTests.octest */ = {isa = PBXFileReference; explicitFileType = wrapper.cfbundle; includeInIndex = 0; path = "MLC OS X DemoTests.octest"; sourceTree = BUILT_PRODUCTS_DIR; };
		D0A6CD511455E10F00B99D78 /* SenTestingKit.framework */ = {isa = PBXFileReference; lastKnownFileType = wrapper.framework; name = SenTestingKit.framework; path = Library/Frameworks/SenTestingKit.framework; sourceTree = DEVELOPER_DIR; };
		D0A6CD581455E10F00B99D78 /* MLC OS X DemoTests-Info.plist */ = {isa = PBXFileReference; lastKnownFileType = text.plist.xml; path = "MLC OS X DemoTests-Info.plist"; sourceTree = "<group>"; };
		D0A6CD5A1455E10F00B99D78 /* en */ = {isa = PBXFileReference; lastKnownFileType = text.plist.strings; name = en; path = en.lproj/InfoPlist.strings; sourceTree = "<group>"; };
		D0A6CD5C1455E10F00B99D78 /* MLC_OS_X_DemoTests.h */ = {isa = PBXFileReference; lastKnownFileType = sourcecode.c.h; path = MLC_OS_X_DemoTests.h; sourceTree = "<group>"; };
		D0A6CD5D1455E10F00B99D78 /* MLC_OS_X_DemoTests.m */ = {isa = PBXFileReference; lastKnownFileType = sourcecode.c.objc; path = MLC_OS_X_DemoTests.m; sourceTree = "<group>"; };
		D0A6CD7F1455E2B400B99D78 /* Base.xcconfig */ = {isa = PBXFileReference; lastKnownFileType = text.xcconfig; path = Base.xcconfig; sourceTree = "<group>"; };
		D0A6CD801455E2B400B99D78 /* Debug.xcconfig */ = {isa = PBXFileReference; lastKnownFileType = text.xcconfig; path = Debug.xcconfig; sourceTree = "<group>"; };
		D0A6CD811455E2B400B99D78 /* iOS.xcconfig */ = {isa = PBXFileReference; lastKnownFileType = text.xcconfig; path = iOS.xcconfig; sourceTree = "<group>"; };
		D0A6CD821455E2B400B99D78 /* Mac OS X.xcconfig */ = {isa = PBXFileReference; lastKnownFileType = text.xcconfig; path = "Mac OS X.xcconfig"; sourceTree = "<group>"; };
		D0A6CD831455E2B400B99D78 /* Release.xcconfig */ = {isa = PBXFileReference; lastKnownFileType = text.xcconfig; path = Release.xcconfig; sourceTree = "<group>"; };
		D0A6CD9F1455E90200B99D78 /* liblua.5.1.dylib */ = {isa = PBXFileReference; lastKnownFileType = "compiled.mach-o.dylib"; name = liblua.5.1.dylib; path = SDKs/MacOSX10.7.sdk/usr/local/lib/liblua.5.1.dylib; sourceTree = DEVELOPER_DIR; };
/* End PBXFileReference section */

/* Begin PBXFrameworksBuildPhase section */
		D0A6CD2C1455E10E00B99D78 /* Frameworks */ = {
			isa = PBXFrameworksBuildPhase;
			buildActionMask = 2147483647;
			files = (
				D0A6CDA01455E90200B99D78 /* liblua.5.1.dylib in Frameworks */,
				D0A6CD341455E10E00B99D78 /* Cocoa.framework in Frameworks */,
				D03127A0145DDE9000D14642 /* MoonlitCocoa.framework in Frameworks */,
			);
			runOnlyForDeploymentPostprocessing = 0;
		};
		D0A6CD4C1455E10F00B99D78 /* Frameworks */ = {
			isa = PBXFrameworksBuildPhase;
			buildActionMask = 2147483647;
			files = (
				D0A6CD521455E10F00B99D78 /* SenTestingKit.framework in Frameworks */,
				D0A6CD531455E10F00B99D78 /* Cocoa.framework in Frameworks */,
			);
			runOnlyForDeploymentPostprocessing = 0;
		};
/* End PBXFrameworksBuildPhase section */

/* Begin PBXGroup section */
		D0890FDE145778B300B77FB9 /* View Controllers */ = {
			isa = PBXGroup;
			children = (
				D0890FE0145778F900B77FB9 /* MLCShoppingCartWindowController.h */,
				D0890FE1145778F900B77FB9 /* MLCShoppingCartWindowController.m */,
			);
			name = "View Controllers";
			sourceTree = "<group>";
		};
		D0890FDF145778C000B77FB9 /* Model */ = {
			isa = PBXGroup;
			children = (
				D0890FDA1457781800B77FB9 /* MLCProduct.h */,
				D0890FDB1457781800B77FB9 /* MLCProduct.m */,
				D0890FCF145777E300B77FB9 /* MLCShoppingCart.h */,
				D0890FD0145777E300B77FB9 /* MLCShoppingCart.m */,
			);
			name = Model;
			sourceTree = "<group>";
		};
		D0890FE61457795A00B77FB9 /* Views */ = {
			isa = PBXGroup;
			children = (
				D0A6CD481455E10E00B99D78 /* MainMenu.xib */,
				D0890FE31457795500B77FB9 /* MLCShoppingCartWindow.xib */,
			);
			name = Views;
			sourceTree = "<group>";
		};
		D0890FE71457849A00B77FB9 /* Model Controllers */ = {
			isa = PBXGroup;
			children = (
			);
			name = "Model Controllers";
			sourceTree = "<group>";
		};
		D0A6CD241455E10E00B99D78 = {
			isa = PBXGroup;
			children = (
				D0A6CD391455E10E00B99D78 /* MLC OS X Demo */,
				D0A6CD561455E10F00B99D78 /* MLC OS X DemoTests */,
				D0A6CD7E1455E2B400B99D78 /* Configuration */,
				D0A6CD321455E10E00B99D78 /* Frameworks */,
				D0A6CD301455E10E00B99D78 /* Products */,
			);
			sourceTree = "<group>";
		};
		D0A6CD301455E10E00B99D78 /* Products */ = {
			isa = PBXGroup;
			children = (
				D0A6CD2F1455E10E00B99D78 /* MLC OS X Demo.app */,
				D0A6CD501455E10F00B99D78 /* MLC OS X DemoTests.octest */,
			);
			name = Products;
			sourceTree = "<group>";
		};
		D0A6CD321455E10E00B99D78 /* Frameworks */ = {
			isa = PBXGroup;
			children = (
				D0A6CD9F1455E90200B99D78 /* liblua.5.1.dylib */,
				D031279F145DDE9000D14642 /* MoonlitCocoa.framework */,
				D0A6CD331455E10E00B99D78 /* Cocoa.framework */,
				D0A6CD511455E10F00B99D78 /* SenTestingKit.framework */,
			);
			name = Frameworks;
			sourceTree = "<group>";
		};
		D0A6CD391455E10E00B99D78 /* MLC OS X Demo */ = {
			isa = PBXGroup;
			children = (
				D0A6CD981455E79900B99D78 /* Classes */,
				D0A6CD9A1455E7A900B99D78 /* Scripts */,
				D0A6CD3A1455E10E00B99D78 /* Supporting Files */,
			);
			path = "MLC OS X Demo";
			sourceTree = "<group>";
		};
		D0A6CD3A1455E10E00B99D78 /* Supporting Files */ = {
			isa = PBXGroup;
			children = (
				D0A6CD3B1455E10E00B99D78 /* MLC OS X Demo-Info.plist */,
				D0A6CD3C1455E10E00B99D78 /* InfoPlist.strings */,
				D0A6CD3F1455E10E00B99D78 /* main.m */,
				D0A6CD411455E10E00B99D78 /* MLC OS X Demo-Prefix.pch */,
				D0A6CD421455E10E00B99D78 /* Credits.rtf */,
			);
			name = "Supporting Files";
			sourceTree = "<group>";
		};
		D0A6CD561455E10F00B99D78 /* MLC OS X DemoTests */ = {
			isa = PBXGroup;
			children = (
				D0A6CD5C1455E10F00B99D78 /* MLC_OS_X_DemoTests.h */,
				D0A6CD5D1455E10F00B99D78 /* MLC_OS_X_DemoTests.m */,
				D0A6CD571455E10F00B99D78 /* Supporting Files */,
			);
			path = "MLC OS X DemoTests";
			sourceTree = "<group>";
		};
		D0A6CD571455E10F00B99D78 /* Supporting Files */ = {
			isa = PBXGroup;
			children = (
				D0A6CD581455E10F00B99D78 /* MLC OS X DemoTests-Info.plist */,
				D0A6CD591455E10F00B99D78 /* InfoPlist.strings */,
			);
			name = "Supporting Files";
			sourceTree = "<group>";
		};
		D0A6CD7E1455E2B400B99D78 /* Configuration */ = {
			isa = PBXGroup;
			children = (
				D0A6CD7F1455E2B400B99D78 /* Base.xcconfig */,
				D0A6CD801455E2B400B99D78 /* Debug.xcconfig */,
				D0A6CD811455E2B400B99D78 /* iOS.xcconfig */,
				D0A6CD821455E2B400B99D78 /* Mac OS X.xcconfig */,
				D0A6CD831455E2B400B99D78 /* Release.xcconfig */,
			);
			name = Configuration;
			path = ../../Configuration;
			sourceTree = "<group>";
		};
		D0A6CD981455E79900B99D78 /* Classes */ = {
			isa = PBXGroup;
			children = (
				D0A6CD451455E10E00B99D78 /* MLCAppDelegate.h */,
				D0A6CD461455E10E00B99D78 /* MLCAppDelegate.m */,
				D0890FE61457795A00B77FB9 /* Views */,
				D0890FDE145778B300B77FB9 /* View Controllers */,
				D0890FE71457849A00B77FB9 /* Model Controllers */,
				D0890FDF145778C000B77FB9 /* Model */,
			);
			name = Classes;
			sourceTree = "<group>";
		};
		D0A6CD9A1455E7A900B99D78 /* Scripts */ = {
			isa = PBXGroup;
			children = (
			);
			name = Scripts;
			sourceTree = "<group>";
		};
/* End PBXGroup section */

/* Begin PBXNativeTarget section */
		D0A6CD2E1455E10E00B99D78 /* MLC OS X Demo */ = {
			isa = PBXNativeTarget;
			buildConfigurationList = D0A6CD611455E10F00B99D78 /* Build configuration list for PBXNativeTarget "MLC OS X Demo" */;
			buildPhases = (
				D0A6CD2B1455E10E00B99D78 /* Sources */,
				D0A6CD2C1455E10E00B99D78 /* Frameworks */,
				D0A6CD2D1455E10E00B99D78 /* Resources */,
				D03127A9145DDEBF00D14642 /* Copy Frameworks */,
			);
			buildRules = (
			);
			dependencies = (
			);
			name = "MLC OS X Demo";
			productName = "MLC OS X Demo";
			productReference = D0A6CD2F1455E10E00B99D78 /* MLC OS X Demo.app */;
			productType = "com.apple.product-type.application";
		};
		D0A6CD4F1455E10F00B99D78 /* MLC OS X DemoTests */ = {
			isa = PBXNativeTarget;
			buildConfigurationList = D0A6CD641455E10F00B99D78 /* Build configuration list for PBXNativeTarget "MLC OS X DemoTests" */;
			buildPhases = (
				D0A6CD4B1455E10F00B99D78 /* Sources */,
				D0A6CD4C1455E10F00B99D78 /* Frameworks */,
				D0A6CD4D1455E10F00B99D78 /* Resources */,
				D0A6CD4E1455E10F00B99D78 /* ShellScript */,
			);
			buildRules = (
			);
			dependencies = (
				D0A6CD551455E10F00B99D78 /* PBXTargetDependency */,
			);
			name = "MLC OS X DemoTests";
			productName = "MLC OS X DemoTests";
			productReference = D0A6CD501455E10F00B99D78 /* MLC OS X DemoTests.octest */;
			productType = "com.apple.product-type.bundle";
		};
/* End PBXNativeTarget section */

/* Begin PBXProject section */
		D0A6CD261455E10E00B99D78 /* Project object */ = {
			isa = PBXProject;
			attributes = {
				LastUpgradeCheck = 0420;
			};
			buildConfigurationList = D0A6CD291455E10E00B99D78 /* Build configuration list for PBXProject "MLC OS X Demo" */;
			compatibilityVersion = "Xcode 3.2";
			developmentRegion = English;
			hasScannedForEncodings = 0;
			knownRegions = (
				en,
			);
			mainGroup = D0A6CD241455E10E00B99D78;
			productRefGroup = D0A6CD301455E10E00B99D78 /* Products */;
			projectDirPath = "";
			projectRoot = "";
			targets = (
				D0A6CD2E1455E10E00B99D78 /* MLC OS X Demo */,
				D0A6CD4F1455E10F00B99D78 /* MLC OS X DemoTests */,
			);
		};
/* End PBXProject section */

/* Begin PBXResourcesBuildPhase section */
		D0A6CD2D1455E10E00B99D78 /* Resources */ = {
			isa = PBXResourcesBuildPhase;
			buildActionMask = 2147483647;
			files = (
				D0A6CD3E1455E10E00B99D78 /* InfoPlist.strings in Resources */,
				D0A6CD441455E10E00B99D78 /* Credits.rtf in Resources */,
				D0A6CD4A1455E10E00B99D78 /* MainMenu.xib in Resources */,
				D0890FE51457795500B77FB9 /* MLCShoppingCartWindow.xib in Resources */,
			);
			runOnlyForDeploymentPostprocessing = 0;
		};
		D0A6CD4D1455E10F00B99D78 /* Resources */ = {
			isa = PBXResourcesBuildPhase;
			buildActionMask = 2147483647;
			files = (
				D0A6CD5B1455E10F00B99D78 /* InfoPlist.strings in Resources */,
			);
			runOnlyForDeploymentPostprocessing = 0;
		};
/* End PBXResourcesBuildPhase section */

/* Begin PBXShellScriptBuildPhase section */
		D0A6CD4E1455E10F00B99D78 /* ShellScript */ = {
			isa = PBXShellScriptBuildPhase;
			buildActionMask = 2147483647;
			files = (
			);
			inputPaths = (
			);
			outputPaths = (
			);
			runOnlyForDeploymentPostprocessing = 0;
			shellPath = /bin/sh;
			shellScript = "# Run the unit tests in this test bundle.\n\"${SYSTEM_DEVELOPER_DIR}/Tools/RunUnitTests\"\n";
		};
/* End PBXShellScriptBuildPhase section */

/* Begin PBXSourcesBuildPhase section */
		D0A6CD2B1455E10E00B99D78 /* Sources */ = {
			isa = PBXSourcesBuildPhase;
			buildActionMask = 2147483647;
			files = (
				D0A6CD401455E10E00B99D78 /* main.m in Sources */,
				D0A6CD471455E10E00B99D78 /* MLCAppDelegate.m in Sources */,
				D0890FD1145777E300B77FB9 /* MLCShoppingCart.m in Sources */,
				D0890FDC1457781800B77FB9 /* MLCProduct.m in Sources */,
				D0890FE2145778F900B77FB9 /* MLCShoppingCartWindowController.m in Sources */,
			);
			runOnlyForDeploymentPostprocessing = 0;
		};
		D0A6CD4B1455E10F00B99D78 /* Sources */ = {
			isa = PBXSourcesBuildPhase;
			buildActionMask = 2147483647;
			files = (
				D0A6CD5E1455E10F00B99D78 /* MLC_OS_X_DemoTests.m in Sources */,
			);
			runOnlyForDeploymentPostprocessing = 0;
		};
/* End PBXSourcesBuildPhase section */

/* Begin PBXTargetDependency section */
		D0A6CD551455E10F00B99D78 /* PBXTargetDependency */ = {
			isa = PBXTargetDependency;
			target = D0A6CD2E1455E10E00B99D78 /* MLC OS X Demo */;
			targetProxy = D0A6CD541455E10F00B99D78 /* PBXContainerItemProxy */;
		};
/* End PBXTargetDependency section */

/* Begin PBXVariantGroup section */
		D0890FE31457795500B77FB9 /* MLCShoppingCartWindow.xib */ = {
			isa = PBXVariantGroup;
			children = (
				D0890FE41457795500B77FB9 /* en */,
			);
			name = MLCShoppingCartWindow.xib;
			sourceTree = "<group>";
		};
		D0A6CD3C1455E10E00B99D78 /* InfoPlist.strings */ = {
			isa = PBXVariantGroup;
			children = (
				D0A6CD3D1455E10E00B99D78 /* en */,
			);
			name = InfoPlist.strings;
			sourceTree = "<group>";
		};
		D0A6CD421455E10E00B99D78 /* Credits.rtf */ = {
			isa = PBXVariantGroup;
			children = (
				D0A6CD431455E10E00B99D78 /* en */,
			);
			name = Credits.rtf;
			sourceTree = "<group>";
		};
		D0A6CD481455E10E00B99D78 /* MainMenu.xib */ = {
			isa = PBXVariantGroup;
			children = (
				D0A6CD491455E10E00B99D78 /* en */,
			);
			name = MainMenu.xib;
			sourceTree = "<group>";
		};
		D0A6CD591455E10F00B99D78 /* InfoPlist.strings */ = {
			isa = PBXVariantGroup;
			children = (
				D0A6CD5A1455E10F00B99D78 /* en */,
			);
			name = InfoPlist.strings;
			sourceTree = "<group>";
		};
/* End PBXVariantGroup section */

/* Begin XCBuildConfiguration section */
		D0A6CD5F1455E10F00B99D78 /* Debug */ = {
			isa = XCBuildConfiguration;
			baseConfigurationReference = D0A6CD801455E2B400B99D78 /* Debug.xcconfig */;
			buildSettings = {
			};
			name = Debug;
		};
		D0A6CD601455E10F00B99D78 /* Release */ = {
			isa = XCBuildConfiguration;
			baseConfigurationReference = D0A6CD831455E2B400B99D78 /* Release.xcconfig */;
			buildSettings = {
			};
			name = Release;
		};
		D0A6CD621455E10F00B99D78 /* Debug */ = {
			isa = XCBuildConfiguration;
			baseConfigurationReference = D0A6CD821455E2B400B99D78 /* Mac OS X.xcconfig */;
			buildSettings = {
				GCC_PREFIX_HEADER = "MLC OS X Demo/MLC OS X Demo-Prefix.pch";
				INFOPLIST_FILE = "MLC OS X Demo/MLC OS X Demo-Info.plist";
				PRODUCT_NAME = "$(TARGET_NAME)";
				WRAPPER_EXTENSION = app;
			};
			name = Debug;
		};
		D0A6CD631455E10F00B99D78 /* Release */ = {
			isa = XCBuildConfiguration;
			baseConfigurationReference = D0A6CD821455E2B400B99D78 /* Mac OS X.xcconfig */;
			buildSettings = {
				GCC_PREFIX_HEADER = "MLC OS X Demo/MLC OS X Demo-Prefix.pch";
				INFOPLIST_FILE = "MLC OS X Demo/MLC OS X Demo-Info.plist";
				PRODUCT_NAME = "$(TARGET_NAME)";
				WRAPPER_EXTENSION = app;
			};
			name = Release;
		};
		D0A6CD651455E10F00B99D78 /* Debug */ = {
			isa = XCBuildConfiguration;
			baseConfigurationReference = D0A6CD821455E2B400B99D78 /* Mac OS X.xcconfig */;
			buildSettings = {
				BUNDLE_LOADER = "$(BUILT_PRODUCTS_DIR)/MLC OS X Demo.app/Contents/MacOS/MLC OS X Demo";
				FRAMEWORK_SEARCH_PATHS = "$(DEVELOPER_LIBRARY_DIR)/Frameworks";
				GCC_PRECOMPILE_PREFIX_HEADER = YES;
				GCC_PREFIX_HEADER = "MLC OS X Demo/MLC OS X Demo-Prefix.pch";
				INFOPLIST_FILE = "MLC OS X DemoTests/MLC OS X DemoTests-Info.plist";
				PRODUCT_NAME = "$(TARGET_NAME)";
				TEST_HOST = "$(BUNDLE_LOADER)";
				WRAPPER_EXTENSION = octest;
			};
			name = Debug;
		};
		D0A6CD661455E10F00B99D78 /* Release */ = {
			isa = XCBuildConfiguration;
			baseConfigurationReference = D0A6CD821455E2B400B99D78 /* Mac OS X.xcconfig */;
			buildSettings = {
				BUNDLE_LOADER = "$(BUILT_PRODUCTS_DIR)/MLC OS X Demo.app/Contents/MacOS/MLC OS X Demo";
				FRAMEWORK_SEARCH_PATHS = "$(DEVELOPER_LIBRARY_DIR)/Frameworks";
				GCC_PRECOMPILE_PREFIX_HEADER = YES;
				GCC_PREFIX_HEADER = "MLC OS X Demo/MLC OS X Demo-Prefix.pch";
				INFOPLIST_FILE = "MLC OS X DemoTests/MLC OS X DemoTests-Info.plist";
				PRODUCT_NAME = "$(TARGET_NAME)";
				TEST_HOST = "$(BUNDLE_LOADER)";
				WRAPPER_EXTENSION = octest;
			};
			name = Release;
		};
/* End XCBuildConfiguration section */

/* Begin XCConfigurationList section */
		D0A6CD291455E10E00B99D78 /* Build configuration list for PBXProject "MLC OS X Demo" */ = {
			isa = XCConfigurationList;
			buildConfigurations = (
				D0A6CD5F1455E10F00B99D78 /* Debug */,
				D0A6CD601455E10F00B99D78 /* Release */,
			);
			defaultConfigurationIsVisible = 0;
			defaultConfigurationName = Release;
		};
		D0A6CD611455E10F00B99D78 /* Build configuration list for PBXNativeTarget "MLC OS X Demo" */ = {
			isa = XCConfigurationList;
			buildConfigurations = (
				D0A6CD621455E10F00B99D78 /* Debug */,
				D0A6CD631455E10F00B99D78 /* Release */,
			);
			defaultConfigurationIsVisible = 0;
			defaultConfigurationName = Release;
		};
		D0A6CD641455E10F00B99D78 /* Build configuration list for PBXNativeTarget "MLC OS X DemoTests" */ = {
			isa = XCConfigurationList;
			buildConfigurations = (
				D0A6CD651455E10F00B99D78 /* Debug */,
				D0A6CD661455E10F00B99D78 /* Release */,
			);
			defaultConfigurationIsVisible = 0;
			defaultConfigurationName = Release;
		};
/* End XCConfigurationList section */
	};
	rootObject = D0A6CD261455E10E00B99D78 /* Project object */;
}
